// !$*UTF8*$!
{
	archiveVersion = 1;
	classes = {
	};
	objectVersion = 50;
	objects = {

/* Begin PBXBuildFile section */
		C3EF0957B8A697C16EBBA355 /* Pods_Cloud_Storage.framework in Frameworks */ = {isa = PBXBuildFile; fileRef = 0A0C0C304169FF51A58711A4 /* Pods_Cloud_Storage.framework */; };
		CF23FB9F22CAA662004B2434 /* TabBarViewController.swift in Sources */ = {isa = PBXBuildFile; fileRef = CF23FB9E22CAA662004B2434 /* TabBarViewController.swift */; };
		CF5E070322CBBE8D00426C7B /* YandexLoginDelegate.swift in Sources */ = {isa = PBXBuildFile; fileRef = CF5E070222CBBE8D00426C7B /* YandexLoginDelegate.swift */; };
		CF5E070522CC15AC00426C7B /* LaunchScreen.storyboard in Resources */ = {isa = PBXBuildFile; fileRef = CF5E070422CC15AC00426C7B /* LaunchScreen.storyboard */; };
		CF7BCFDD22CA3FAE00EE99E6 /* YandexClient.swift in Sources */ = {isa = PBXBuildFile; fileRef = CF7BCFDC22CA3FAE00EE99E6 /* YandexClient.swift */; };
		CF8EB16222CA1F0F004452E7 /* ResourcesCollectionViewController.swift in Sources */ = {isa = PBXBuildFile; fileRef = CF8EB16122CA1F0F004452E7 /* ResourcesCollectionViewController.swift */; };
		CF8EB16422CA27B0004452E7 /* SplashViewController.swift in Sources */ = {isa = PBXBuildFile; fileRef = CF8EB16322CA27B0004452E7 /* SplashViewController.swift */; };
		CFC6179822CA5BAC00EC3920 /* User.swift in Sources */ = {isa = PBXBuildFile; fileRef = CFC6179722CA5BAC00EC3920 /* User.swift */; };
		CFC6179A22CA6B2F00EC3920 /* SettingsTableViewController.swift in Sources */ = {isa = PBXBuildFile; fileRef = CFC6179922CA6B2F00EC3920 /* SettingsTableViewController.swift */; };
		CFEE4DFA22C8D3D0002A240D /* AppDelegate.swift in Sources */ = {isa = PBXBuildFile; fileRef = CFEE4DF922C8D3D0002A240D /* AppDelegate.swift */; };
		CFEE4DFC22C8D3D0002A240D /* AuthViewController.swift in Sources */ = {isa = PBXBuildFile; fileRef = CFEE4DFB22C8D3D0002A240D /* AuthViewController.swift */; };
		CFEE4DFF22C8D3D0002A240D /* Main.storyboard in Resources */ = {isa = PBXBuildFile; fileRef = CFEE4DFD22C8D3D0002A240D /* Main.storyboard */; };
		CFEE4E0122C8D3D1002A240D /* Assets.xcassets in Resources */ = {isa = PBXBuildFile; fileRef = CFEE4E0022C8D3D1002A240D /* Assets.xcassets */; };
/* End PBXBuildFile section */

/* Begin PBXFileReference section */
		0A0C0C304169FF51A58711A4 /* Pods_Cloud_Storage.framework */ = {isa = PBXFileReference; explicitFileType = wrapper.framework; includeInIndex = 0; path = Pods_Cloud_Storage.framework; sourceTree = BUILT_PRODUCTS_DIR; };
		7B2C1729F7F43BC2854D05B0 /* Pods-Cloud Storage.debug.xcconfig */ = {isa = PBXFileReference; includeInIndex = 1; lastKnownFileType = text.xcconfig; name = "Pods-Cloud Storage.debug.xcconfig"; path = "Target Support Files/Pods-Cloud Storage/Pods-Cloud Storage.debug.xcconfig"; sourceTree = "<group>"; };
		B72E97F0767627BA26FB6139 /* Pods-Cloud Storage.release.xcconfig */ = {isa = PBXFileReference; includeInIndex = 1; lastKnownFileType = text.xcconfig; name = "Pods-Cloud Storage.release.xcconfig"; path = "Target Support Files/Pods-Cloud Storage/Pods-Cloud Storage.release.xcconfig"; sourceTree = "<group>"; };
		CF23FB9E22CAA662004B2434 /* TabBarViewController.swift */ = {isa = PBXFileReference; lastKnownFileType = sourcecode.swift; path = TabBarViewController.swift; sourceTree = "<group>"; };
		CF5E070222CBBE8D00426C7B /* YandexLoginDelegate.swift */ = {isa = PBXFileReference; lastKnownFileType = sourcecode.swift; path = YandexLoginDelegate.swift; sourceTree = "<group>"; };
		CF5E070422CC15AC00426C7B /* LaunchScreen.storyboard */ = {isa = PBXFileReference; lastKnownFileType = file.storyboard; path = LaunchScreen.storyboard; sourceTree = "<group>"; };
		CF7BCFDC22CA3FAE00EE99E6 /* YandexClient.swift */ = {isa = PBXFileReference; lastKnownFileType = sourcecode.swift; path = YandexClient.swift; sourceTree = "<group>"; };
		CF8EB16122CA1F0F004452E7 /* ResourcesCollectionViewController.swift */ = {isa = PBXFileReference; lastKnownFileType = sourcecode.swift; path = ResourcesCollectionViewController.swift; sourceTree = "<group>"; };
		CF8EB16322CA27B0004452E7 /* SplashViewController.swift */ = {isa = PBXFileReference; lastKnownFileType = sourcecode.swift; path = SplashViewController.swift; sourceTree = "<group>"; };
		CFC6179722CA5BAC00EC3920 /* User.swift */ = {isa = PBXFileReference; lastKnownFileType = sourcecode.swift; path = User.swift; sourceTree = "<group>"; };
		CFC6179922CA6B2F00EC3920 /* SettingsTableViewController.swift */ = {isa = PBXFileReference; lastKnownFileType = sourcecode.swift; path = SettingsTableViewController.swift; sourceTree = "<group>"; };
		CFEE4DF622C8D3D0002A240D /* Cloud Storage.app */ = {isa = PBXFileReference; explicitFileType = wrapper.application; includeInIndex = 0; path = "Cloud Storage.app"; sourceTree = BUILT_PRODUCTS_DIR; };
		CFEE4DF922C8D3D0002A240D /* AppDelegate.swift */ = {isa = PBXFileReference; lastKnownFileType = sourcecode.swift; path = AppDelegate.swift; sourceTree = "<group>"; };
		CFEE4DFB22C8D3D0002A240D /* AuthViewController.swift */ = {isa = PBXFileReference; lastKnownFileType = sourcecode.swift; path = AuthViewController.swift; sourceTree = "<group>"; };
		CFEE4DFE22C8D3D0002A240D /* Base */ = {isa = PBXFileReference; lastKnownFileType = file.storyboard; name = Base; path = Base.lproj/Main.storyboard; sourceTree = "<group>"; };
		CFEE4E0022C8D3D1002A240D /* Assets.xcassets */ = {isa = PBXFileReference; lastKnownFileType = folder.assetcatalog; path = Assets.xcassets; sourceTree = "<group>"; };
		CFEE4E0522C8D3D1002A240D /* Info.plist */ = {isa = PBXFileReference; lastKnownFileType = text.plist.xml; path = Info.plist; sourceTree = "<group>"; };
/* End PBXFileReference section */

/* Begin PBXFrameworksBuildPhase section */
		CFEE4DF322C8D3D0002A240D /* Frameworks */ = {
			isa = PBXFrameworksBuildPhase;
			buildActionMask = 2147483647;
			files = (
				C3EF0957B8A697C16EBBA355 /* Pods_Cloud_Storage.framework in Frameworks */,
			);
			runOnlyForDeploymentPostprocessing = 0;
		};
/* End PBXFrameworksBuildPhase section */

/* Begin PBXGroup section */
		4A40B139F3E06CEB3C32E7A6 /* Pods */ = {
			isa = PBXGroup;
			children = (
				7B2C1729F7F43BC2854D05B0 /* Pods-Cloud Storage.debug.xcconfig */,
				B72E97F0767627BA26FB6139 /* Pods-Cloud Storage.release.xcconfig */,
			);
			path = Pods;
			sourceTree = "<group>";
		};
		CF5E070022CBBE0000426C7B /* Delegates */ = {
			isa = PBXGroup;
			children = (
				CFEE4DF922C8D3D0002A240D /* AppDelegate.swift */,
				CF5E070222CBBE8D00426C7B /* YandexLoginDelegate.swift */,
			);
			path = Delegates;
			sourceTree = "<group>";
		};
		CF5E070122CBBE4000426C7B /* Controllers */ = {
			isa = PBXGroup;
			children = (
				CF8EB16322CA27B0004452E7 /* SplashViewController.swift */,
				CFEE4DFB22C8D3D0002A240D /* AuthViewController.swift */,
				CF23FB9E22CAA662004B2434 /* TabBarViewController.swift */,
				CFC6179922CA6B2F00EC3920 /* SettingsTableViewController.swift */,
				CF8EB16122CA1F0F004452E7 /* ResourcesCollectionViewController.swift */,
			);
			path = Controllers;
			sourceTree = "<group>";
		};
		CF7BCFDE22CA572600EE99E6 /* Model */ = {
			isa = PBXGroup;
			children = (
				CFC6179722CA5BAC00EC3920 /* User.swift */,
			);
			path = Model;
			sourceTree = "<group>";
		};
		CF8EB16522CA3F70004452E7 /* API */ = {
			isa = PBXGroup;
			children = (
				CF7BCFDC22CA3FAE00EE99E6 /* YandexClient.swift */,
			);
			path = API;
			sourceTree = "<group>";
		};
		CFEE4DED22C8D3D0002A240D = {
			isa = PBXGroup;
			children = (
				CFEE4DF822C8D3D0002A240D /* Cloud Storage */,
				CFEE4DF722C8D3D0002A240D /* Products */,
				4A40B139F3E06CEB3C32E7A6 /* Pods */,
				F36BBDFDF654807ED1550A2A /* Frameworks */,
			);
			sourceTree = "<group>";
		};
		CFEE4DF722C8D3D0002A240D /* Products */ = {
			isa = PBXGroup;
			children = (
				CFEE4DF622C8D3D0002A240D /* Cloud Storage.app */,
			);
			name = Products;
			sourceTree = "<group>";
		};
		CFEE4DF822C8D3D0002A240D /* Cloud Storage */ = {
			isa = PBXGroup;
			children = (
				CFEE4E0522C8D3D1002A240D /* Info.plist */,
				CF8EB16522CA3F70004452E7 /* API */,
				CF5E070122CBBE4000426C7B /* Controllers */,
				CF5E070022CBBE0000426C7B /* Delegates */,
				CF7BCFDE22CA572600EE99E6 /* Model */,
				CFEE4E0D22CA0D99002A240D /* Views */,
			);
			path = "Cloud Storage";
			sourceTree = "<group>";
		};
		CFEE4E0D22CA0D99002A240D /* Views */ = {
			isa = PBXGroup;
			children = (
				CFEE4DFD22C8D3D0002A240D /* Main.storyboard */,
				CF5E070422CC15AC00426C7B /* LaunchScreen.storyboard */,
				CFEE4E0022C8D3D1002A240D /* Assets.xcassets */,
			);
			path = Views;
			sourceTree = "<group>";
		};
		F36BBDFDF654807ED1550A2A /* Frameworks */ = {
			isa = PBXGroup;
			children = (
				0A0C0C304169FF51A58711A4 /* Pods_Cloud_Storage.framework */,
			);
			name = Frameworks;
			sourceTree = "<group>";
		};
/* End PBXGroup section */

/* Begin PBXNativeTarget section */
		CFEE4DF522C8D3D0002A240D /* Cloud Storage */ = {
			isa = PBXNativeTarget;
			buildConfigurationList = CFEE4E0822C8D3D1002A240D /* Build configuration list for PBXNativeTarget "Cloud Storage" */;
			buildPhases = (
				E9002D9FC6D0DD040832F276 /* [CP] Check Pods Manifest.lock */,
				CFEE4DF222C8D3D0002A240D /* Sources */,
				CFEE4DF322C8D3D0002A240D /* Frameworks */,
				CFEE4DF422C8D3D0002A240D /* Resources */,
				875C154B42C1E482E438C2A5 /* [CP] Embed Pods Frameworks */,
			);
			buildRules = (
			);
			dependencies = (
			);
			name = "Cloud Storage";
			productName = "Cloud Storage";
			productReference = CFEE4DF622C8D3D0002A240D /* Cloud Storage.app */;
			productType = "com.apple.product-type.application";
		};
/* End PBXNativeTarget section */

/* Begin PBXProject section */
		CFEE4DEE22C8D3D0002A240D /* Project object */ = {
			isa = PBXProject;
			attributes = {
				LastSwiftUpdateCheck = 1020;
				LastUpgradeCheck = 1020;
				ORGANIZATIONNAME = Igor;
				TargetAttributes = {
					CFEE4DF522C8D3D0002A240D = {
						CreatedOnToolsVersion = 10.2.1;
					};
				};
			};
			buildConfigurationList = CFEE4DF122C8D3D0002A240D /* Build configuration list for PBXProject "Cloud Storage" */;
			compatibilityVersion = "Xcode 9.3";
			developmentRegion = en;
			hasScannedForEncodings = 0;
			knownRegions = (
				en,
				Base,
			);
			mainGroup = CFEE4DED22C8D3D0002A240D;
			productRefGroup = CFEE4DF722C8D3D0002A240D /* Products */;
			projectDirPath = "";
			projectRoot = "";
			targets = (
				CFEE4DF522C8D3D0002A240D /* Cloud Storage */,
			);
		};
/* End PBXProject section */

/* Begin PBXResourcesBuildPhase section */
		CFEE4DF422C8D3D0002A240D /* Resources */ = {
			isa = PBXResourcesBuildPhase;
			buildActionMask = 2147483647;
			files = (
				CF5E070522CC15AC00426C7B /* LaunchScreen.storyboard in Resources */,
				CFEE4E0122C8D3D1002A240D /* Assets.xcassets in Resources */,
				CFEE4DFF22C8D3D0002A240D /* Main.storyboard in Resources */,
			);
			runOnlyForDeploymentPostprocessing = 0;
		};
/* End PBXResourcesBuildPhase section */

/* Begin PBXShellScriptBuildPhase section */
		875C154B42C1E482E438C2A5 /* [CP] Embed Pods Frameworks */ = {
			isa = PBXShellScriptBuildPhase;
			buildActionMask = 2147483647;
			files = (
			);
			inputFileListPaths = (
			);
			inputPaths = (
				"${PODS_ROOT}/Target Support Files/Pods-Cloud Storage/Pods-Cloud Storage-frameworks.sh",
				"${BUILT_PRODUCTS_DIR}/Alamofire/Alamofire.framework",
				"${BUILT_PRODUCTS_DIR}/OAuthSwift/OAuthSwift.framework",
				"${BUILT_PRODUCTS_DIR}/Realm/Realm.framework",
				"${BUILT_PRODUCTS_DIR}/RealmSwift/RealmSwift.framework",
			);
			name = "[CP] Embed Pods Frameworks";
			outputFileListPaths = (
			);
			outputPaths = (
				"${TARGET_BUILD_DIR}/${FRAMEWORKS_FOLDER_PATH}/Alamofire.framework",
				"${TARGET_BUILD_DIR}/${FRAMEWORKS_FOLDER_PATH}/OAuthSwift.framework",
				"${TARGET_BUILD_DIR}/${FRAMEWORKS_FOLDER_PATH}/Realm.framework",
				"${TARGET_BUILD_DIR}/${FRAMEWORKS_FOLDER_PATH}/RealmSwift.framework",
			);
			runOnlyForDeploymentPostprocessing = 0;
			shellPath = /bin/sh;
			shellScript = "\"${PODS_ROOT}/Target Support Files/Pods-Cloud Storage/Pods-Cloud Storage-frameworks.sh\"\n";
			showEnvVarsInLog = 0;
		};
		E9002D9FC6D0DD040832F276 /* [CP] Check Pods Manifest.lock */ = {
			isa = PBXShellScriptBuildPhase;
			buildActionMask = 2147483647;
			files = (
			);
			inputFileListPaths = (
			);
			inputPaths = (
				"${PODS_PODFILE_DIR_PATH}/Podfile.lock",
				"${PODS_ROOT}/Manifest.lock",
			);
			name = "[CP] Check Pods Manifest.lock";
			outputFileListPaths = (
			);
			outputPaths = (
				"$(DERIVED_FILE_DIR)/Pods-Cloud Storage-checkManifestLockResult.txt",
			);
			runOnlyForDeploymentPostprocessing = 0;
			shellPath = /bin/sh;
			shellScript = "diff \"${PODS_PODFILE_DIR_PATH}/Podfile.lock\" \"${PODS_ROOT}/Manifest.lock\" > /dev/null\nif [ $? != 0 ] ; then\n    # print error to STDERR\n    echo \"error: The sandbox is not in sync with the Podfile.lock. Run 'pod install' or update your CocoaPods installation.\" >&2\n    exit 1\nfi\n# This output is used by Xcode 'outputs' to avoid re-running this script phase.\necho \"SUCCESS\" > \"${SCRIPT_OUTPUT_FILE_0}\"\n";
			showEnvVarsInLog = 0;
		};
/* End PBXShellScriptBuildPhase section */

/* Begin PBXSourcesBuildPhase section */
		CFEE4DF222C8D3D0002A240D /* Sources */ = {
			isa = PBXSourcesBuildPhase;
			buildActionMask = 2147483647;
			files = (
				CF23FB9F22CAA662004B2434 /* TabBarViewController.swift in Sources */,
				CF5E070322CBBE8D00426C7B /* YandexLoginDelegate.swift in Sources */,
				CF8EB16222CA1F0F004452E7 /* ResourcesCollectionViewController.swift in Sources */,
				CFEE4DFC22C8D3D0002A240D /* AuthViewController.swift in Sources */,
				CF7BCFDD22CA3FAE00EE99E6 /* YandexClient.swift in Sources */,
				CFEE4DFA22C8D3D0002A240D /* AppDelegate.swift in Sources */,
				CF8EB16422CA27B0004452E7 /* SplashViewController.swift in Sources */,
				CFC6179822CA5BAC00EC3920 /* User.swift in Sources */,
				CFC6179A22CA6B2F00EC3920 /* SettingsTableViewController.swift in Sources */,
			);
			runOnlyForDeploymentPostprocessing = 0;
		};
/* End PBXSourcesBuildPhase section */

/* Begin PBXVariantGroup section */
		CFEE4DFD22C8D3D0002A240D /* Main.storyboard */ = {
			isa = PBXVariantGroup;
			children = (
				CFEE4DFE22C8D3D0002A240D /* Base */,
			);
			name = Main.storyboard;
			sourceTree = "<group>";
		};
/* End PBXVariantGroup section */

/* Begin XCBuildConfiguration section */
		CFEE4E0622C8D3D1002A240D /* Debug */ = {
			isa = XCBuildConfiguration;
			buildSettings = {
				ALWAYS_SEARCH_USER_PATHS = NO;
				CLANG_ANALYZER_LOCALIZABILITY_NONLOCALIZED = YES;
				CLANG_ANALYZER_NONNULL = YES;
				CLANG_ANALYZER_NUMBER_OBJECT_CONVERSION = YES_AGGRESSIVE;
				CLANG_CXX_LANGUAGE_STANDARD = "gnu++14";
				CLANG_CXX_LIBRARY = "libc++";
				CLANG_ENABLE_MODULES = YES;
				CLANG_ENABLE_OBJC_ARC = YES;
				CLANG_ENABLE_OBJC_WEAK = YES;
				CLANG_WARN_BLOCK_CAPTURE_AUTORELEASING = YES;
				CLANG_WARN_BOOL_CONVERSION = YES;
				CLANG_WARN_COMMA = YES;
				CLANG_WARN_CONSTANT_CONVERSION = YES;
				CLANG_WARN_DEPRECATED_OBJC_IMPLEMENTATIONS = YES;
				CLANG_WARN_DIRECT_OBJC_ISA_USAGE = YES_ERROR;
				CLANG_WARN_DOCUMENTATION_COMMENTS = YES;
				CLANG_WARN_EMPTY_BODY = YES;
				CLANG_WARN_ENUM_CONVERSION = YES;
				CLANG_WARN_INFINITE_RECURSION = YES;
				CLANG_WARN_INT_CONVERSION = YES;
				CLANG_WARN_NON_LITERAL_NULL_CONVERSION = YES;
				CLANG_WARN_OBJC_IMPLICIT_RETAIN_SELF = YES;
				CLANG_WARN_OBJC_LITERAL_CONVERSION = YES;
				CLANG_WARN_OBJC_ROOT_CLASS = YES_ERROR;
				CLANG_WARN_RANGE_LOOP_ANALYSIS = YES;
				CLANG_WARN_STRICT_PROTOTYPES = YES;
				CLANG_WARN_SUSPICIOUS_MOVE = YES;
				CLANG_WARN_UNGUARDED_AVAILABILITY = YES_AGGRESSIVE;
				CLANG_WARN_UNREACHABLE_CODE = YES;
				CLANG_WARN__DUPLICATE_METHOD_MATCH = YES;
				CODE_SIGN_IDENTITY = "iPhone Developer";
				COPY_PHASE_STRIP = NO;
				DEBUG_INFORMATION_FORMAT = dwarf;
				ENABLE_STRICT_OBJC_MSGSEND = YES;
				ENABLE_TESTABILITY = YES;
				GCC_C_LANGUAGE_STANDARD = gnu11;
				GCC_DYNAMIC_NO_PIC = NO;
				GCC_NO_COMMON_BLOCKS = YES;
				GCC_OPTIMIZATION_LEVEL = 0;
				GCC_PREPROCESSOR_DEFINITIONS = (
					"DEBUG=1",
					"$(inherited)",
				);
				GCC_WARN_64_TO_32_BIT_CONVERSION = YES;
				GCC_WARN_ABOUT_RETURN_TYPE = YES_ERROR;
				GCC_WARN_UNDECLARED_SELECTOR = YES;
				GCC_WARN_UNINITIALIZED_AUTOS = YES_AGGRESSIVE;
				GCC_WARN_UNUSED_FUNCTION = YES;
				GCC_WARN_UNUSED_VARIABLE = YES;
				IPHONEOS_DEPLOYMENT_TARGET = 12.2;
				MTL_ENABLE_DEBUG_INFO = INCLUDE_SOURCE;
				MTL_FAST_MATH = YES;
				ONLY_ACTIVE_ARCH = YES;
				SDKROOT = iphoneos;
				SWIFT_ACTIVE_COMPILATION_CONDITIONS = DEBUG;
				SWIFT_OPTIMIZATION_LEVEL = "-Onone";
			};
			name = Debug;
		};
		CFEE4E0722C8D3D1002A240D /* Release */ = {
			isa = XCBuildConfiguration;
			buildSettings = {
				ALWAYS_SEARCH_USER_PATHS = NO;
				CLANG_ANALYZER_LOCALIZABILITY_NONLOCALIZED = YES;
				CLANG_ANALYZER_NONNULL = YES;
				CLANG_ANALYZER_NUMBER_OBJECT_CONVERSION = YES_AGGRESSIVE;
				CLANG_CXX_LANGUAGE_STANDARD = "gnu++14";
				CLANG_CXX_LIBRARY = "libc++";
				CLANG_ENABLE_MODULES = YES;
				CLANG_ENABLE_OBJC_ARC = YES;
				CLANG_ENABLE_OBJC_WEAK = YES;
				CLANG_WARN_BLOCK_CAPTURE_AUTORELEASING = YES;
				CLANG_WARN_BOOL_CONVERSION = YES;
				CLANG_WARN_COMMA = YES;
				CLANG_WARN_CONSTANT_CONVERSION = YES;
				CLANG_WARN_DEPRECATED_OBJC_IMPLEMENTATIONS = YES;
				CLANG_WARN_DIRECT_OBJC_ISA_USAGE = YES_ERROR;
				CLANG_WARN_DOCUMENTATION_COMMENTS = YES;
				CLANG_WARN_EMPTY_BODY = YES;
				CLANG_WARN_ENUM_CONVERSION = YES;
				CLANG_WARN_INFINITE_RECURSION = YES;
				CLANG_WARN_INT_CONVERSION = YES;
				CLANG_WARN_NON_LITERAL_NULL_CONVERSION = YES;
				CLANG_WARN_OBJC_IMPLICIT_RETAIN_SELF = YES;
				CLANG_WARN_OBJC_LITERAL_CONVERSION = YES;
				CLANG_WARN_OBJC_ROOT_CLASS = YES_ERROR;
				CLANG_WARN_RANGE_LOOP_ANALYSIS = YES;
				CLANG_WARN_STRICT_PROTOTYPES = YES;
				CLANG_WARN_SUSPICIOUS_MOVE = YES;
				CLANG_WARN_UNGUARDED_AVAILABILITY = YES_AGGRESSIVE;
				CLANG_WARN_UNREACHABLE_CODE = YES;
				CLANG_WARN__DUPLICATE_METHOD_MATCH = YES;
				CODE_SIGN_IDENTITY = "iPhone Developer";
				COPY_PHASE_STRIP = NO;
				DEBUG_INFORMATION_FORMAT = "dwarf-with-dsym";
				ENABLE_NS_ASSERTIONS = NO;
				ENABLE_STRICT_OBJC_MSGSEND = YES;
				GCC_C_LANGUAGE_STANDARD = gnu11;
				GCC_NO_COMMON_BLOCKS = YES;
				GCC_WARN_64_TO_32_BIT_CONVERSION = YES;
				GCC_WARN_ABOUT_RETURN_TYPE = YES_ERROR;
				GCC_WARN_UNDECLARED_SELECTOR = YES;
				GCC_WARN_UNINITIALIZED_AUTOS = YES_AGGRESSIVE;
				GCC_WARN_UNUSED_FUNCTION = YES;
				GCC_WARN_UNUSED_VARIABLE = YES;
				IPHONEOS_DEPLOYMENT_TARGET = 12.2;
				MTL_ENABLE_DEBUG_INFO = NO;
				MTL_FAST_MATH = YES;
				SDKROOT = iphoneos;
				SWIFT_COMPILATION_MODE = wholemodule;
				SWIFT_OPTIMIZATION_LEVEL = "-O";
				VALIDATE_PRODUCT = YES;
			};
			name = Release;
		};
		CFEE4E0922C8D3D1002A240D /* Debug */ = {
			isa = XCBuildConfiguration;
			baseConfigurationReference = 7B2C1729F7F43BC2854D05B0 /* Pods-Cloud Storage.debug.xcconfig */;
			buildSettings = {
				ASSETCATALOG_COMPILER_APPICON_NAME = AppIcon;
				CODE_SIGN_STYLE = Automatic;
				DEVELOPMENT_TEAM = 99T3A45NBN;
				INFOPLIST_FILE = "Cloud Storage/Info.plist";
				LD_RUNPATH_SEARCH_PATHS = (
					"$(inherited)",
					"@executable_path/Frameworks",
				);
				PRODUCT_BUNDLE_IDENTIFIER = "com.Igor.Cloud-Storage";
				PRODUCT_NAME = "$(TARGET_NAME)";
				SWIFT_VERSION = 5.0;
				TARGETED_DEVICE_FAMILY = "1,2";
			};
			name = Debug;
		};
		CFEE4E0A22C8D3D1002A240D /* Release */ = {
			isa = XCBuildConfiguration;
			baseConfigurationReference = B72E97F0767627BA26FB6139 /* Pods-Cloud Storage.release.xcconfig */;
			buildSettings = {
				ASSETCATALOG_COMPILER_APPICON_NAME = AppIcon;
				CODE_SIGN_STYLE = Automatic;
				DEVELOPMENT_TEAM = 99T3A45NBN;
				INFOPLIST_FILE = "Cloud Storage/Info.plist";
				LD_RUNPATH_SEARCH_PATHS = (
					"$(inherited)",
					"@executable_path/Frameworks",
				);
				PRODUCT_BUNDLE_IDENTIFIER = "com.Igor.Cloud-Storage";
				PRODUCT_NAME = "$(TARGET_NAME)";
				SWIFT_VERSION = 5.0;
				TARGETED_DEVICE_FAMILY = "1,2";
			};
			name = Release;
		};
/* End XCBuildConfiguration section */

/* Begin XCConfigurationList section */
		CFEE4DF122C8D3D0002A240D /* Build configuration list for PBXProject "Cloud Storage" */ = {
			isa = XCConfigurationList;
			buildConfigurations = (
				CFEE4E0622C8D3D1002A240D /* Debug */,
				CFEE4E0722C8D3D1002A240D /* Release */,
			);
			defaultConfigurationIsVisible = 0;
			defaultConfigurationName = Release;
		};
		CFEE4E0822C8D3D1002A240D /* Build configuration list for PBXNativeTarget "Cloud Storage" */ = {
			isa = XCConfigurationList;
			buildConfigurations = (
				CFEE4E0922C8D3D1002A240D /* Debug */,
				CFEE4E0A22C8D3D1002A240D /* Release */,
			);
			defaultConfigurationIsVisible = 0;
			defaultConfigurationName = Release;
		};
/* End XCConfigurationList section */
	};
	rootObject = CFEE4DEE22C8D3D0002A240D /* Project object */;
}
